// !$*UTF8*$!
{
	archiveVersion = 1;
	classes = {
	};
	objectVersion = 56;
	objects = {

/* Begin PBXBuildFile section */
		A1000001 /* FLFAppApp.swift in Sources */ = {isa = PBXBuildFile; fileRef = A2000001 /* FLFAppApp.swift */; };
		A1000002 /* MainTabView.swift in Sources */ = {isa = PBXBuildFile; fileRef = A2000002 /* MainTabView.swift */; };
		A1000003 /* HomeView.swift in Sources */ = {isa = PBXBuildFile; fileRef = A2000003 /* HomeView.swift */; };
		A1000004 /* OverviewView.swift in Sources */ = {isa = PBXBuildFile; fileRef = A2000004 /* OverviewView.swift */; };
		A1000005 /* LogEditorView.swift in Sources */ = {isa = PBXBuildFile; fileRef = A2000005 /* LogEditorView.swift */; };
		A1000006 /* WeighInView.swift in Sources */ = {isa = PBXBuildFile; fileRef = A2000006 /* WeighInView.swift */; };
		A1000007 /* SupportChatView.swift in Sources */ = {isa = PBXBuildFile; fileRef = A2000007 /* SupportChatView.swift */; };
		A1000008 /* UserGoals.swift in Sources */ = {isa = PBXBuildFile; fileRef = A2000008 /* UserGoals.swift */; };
		A1000009 /* DailyLog.swift in Sources */ = {isa = PBXBuildFile; fileRef = A2000009 /* DailyLog.swift */; };
		A100000A /* ChatMessage.swift in Sources */ = {isa = PBXBuildFile; fileRef = A200000A /* ChatMessage.swift */; };
		A100000B /* AppState.swift in Sources */ = {isa = PBXBuildFile; fileRef = A200000B /* AppState.swift */; };
		A100000C /* DataStore.swift in Sources */ = {isa = PBXBuildFile; fileRef = A200000C /* DataStore.swift */; };
		A100000D /* SupportChatService.swift in Sources */ = {isa = PBXBuildFile; fileRef = A200000D /* SupportChatService.swift */; };
		A100000E /* Assets.xcassets in Resources */ = {isa = PBXBuildFile; fileRef = A200000E /* Assets.xcassets */; };
		A100000F /* EditGoalView.swift in Sources */ = {isa = PBXBuildFile; fileRef = A200000F /* EditGoalView.swift */; };
		A1000011 /* FLFAppConfig.swift in Sources */ = {isa = PBXBuildFile; fileRef = A2000011 /* FLFAppConfig.swift */; };
		A1000012 /* FLFAppConfig.Secrets.swift in Sources */ = {isa = PBXBuildFile; fileRef = A2000012 /* FLFAppConfig.Secrets.swift */; };
		A1000013 /* FoodEntry.swift in Sources */ = {isa = PBXBuildFile; fileRef = A2000013 /* FoodEntry.swift */; };
		A1000014 /* CommonFoods.swift in Sources */ = {isa = PBXBuildFile; fileRef = A2000014 /* CommonFoods.swift */; };
		A1000015 /* FoodTrackerView.swift in Sources */ = {isa = PBXBuildFile; fileRef = A2000015 /* FoodTrackerView.swift */; };
		A1000016 /* AddFoodView.swift in Sources */ = {isa = PBXBuildFile; fileRef = A2000016 /* AddFoodView.swift */; };
		A1000017 /* FoodItem.swift in Sources */ = {isa = PBXBuildFile; fileRef = A2000017 /* FoodItem.swift */; };
		A1000018 /* UserAddedFood.swift in Sources */ = {isa = PBXBuildFile; fileRef = A2000018 /* UserAddedFood.swift */; };
/* End PBXBuildFile section */

/* Begin PBXFileReference section */
		A2000001 /* FLFAppApp.swift */ = {isa = PBXFileReference; lastKnownFileType = sourcecode.swift; path = FLFAppApp.swift; sourceTree = "<group>"; };
		A2000002 /* MainTabView.swift */ = {isa = PBXFileReference; lastKnownFileType = sourcecode.swift; path = MainTabView.swift; sourceTree = "<group>"; };
		A2000003 /* HomeView.swift */ = {isa = PBXFileReference; lastKnownFileType = sourcecode.swift; path = HomeView.swift; sourceTree = "<group>"; };
		A2000004 /* OverviewView.swift */ = {isa = PBXFileReference; lastKnownFileType = sourcecode.swift; path = OverviewView.swift; sourceTree = "<group>"; };
		A2000005 /* LogEditorView.swift */ = {isa = PBXFileReference; lastKnownFileType = sourcecode.swift; path = LogEditorView.swift; sourceTree = "<group>"; };
		A2000006 /* WeighInView.swift */ = {isa = PBXFileReference; lastKnownFileType = sourcecode.swift; path = WeighInView.swift; sourceTree = "<group>"; };
		A2000007 /* SupportChatView.swift */ = {isa = PBXFileReference; lastKnownFileType = sourcecode.swift; path = SupportChatView.swift; sourceTree = "<group>"; };
		A2000008 /* UserGoals.swift */ = {isa = PBXFileReference; lastKnownFileType = sourcecode.swift; path = UserGoals.swift; sourceTree = "<group>"; };
		A2000009 /* DailyLog.swift */ = {isa = PBXFileReference; lastKnownFileType = sourcecode.swift; path = DailyLog.swift; sourceTree = "<group>"; };
		A200000A /* ChatMessage.swift */ = {isa = PBXFileReference; lastKnownFileType = sourcecode.swift; path = ChatMessage.swift; sourceTree = "<group>"; };
		A200000B /* AppState.swift */ = {isa = PBXFileReference; lastKnownFileType = sourcecode.swift; path = AppState.swift; sourceTree = "<group>"; };
		A200000C /* DataStore.swift */ = {isa = PBXFileReference; lastKnownFileType = sourcecode.swift; path = DataStore.swift; sourceTree = "<group>"; };
		A200000D /* SupportChatService.swift */ = {isa = PBXFileReference; lastKnownFileType = sourcecode.swift; path = SupportChatService.swift; sourceTree = "<group>"; };
		A200000E /* Assets.xcassets */ = {isa = PBXFileReference; lastKnownFileType = folder.assetcatalog; path = Assets.xcassets; sourceTree = "<group>"; };
		A200000F /* EditGoalView.swift */ = {isa = PBXFileReference; lastKnownFileType = sourcecode.swift; path = EditGoalView.swift; sourceTree = "<group>"; };
		A2000011 /* FLFAppConfig.swift */ = {isa = PBXFileReference; lastKnownFileType = sourcecode.swift; path = FLFAppConfig.swift; sourceTree = "<group>"; };
		A2000012 /* FLFAppConfig.Secrets.swift */ = {isa = PBXFileReference; lastKnownFileType = sourcecode.swift; path = "FLFAppConfig.Secrets.swift"; sourceTree = "<group>"; };
		A2000013 /* FoodEntry.swift */ = {isa = PBXFileReference; lastKnownFileType = sourcecode.swift; path = FoodEntry.swift; sourceTree = "<group>"; };
		A2000014 /* CommonFoods.swift */ = {isa = PBXFileReference; lastKnownFileType = sourcecode.swift; path = CommonFoods.swift; sourceTree = "<group>"; };
		A2000015 /* FoodTrackerView.swift */ = {isa = PBXFileReference; lastKnownFileType = sourcecode.swift; path = FoodTrackerView.swift; sourceTree = "<group>"; };
		A2000016 /* AddFoodView.swift */ = {isa = PBXFileReference; lastKnownFileType = sourcecode.swift; path = AddFoodView.swift; sourceTree = "<group>"; };
		A2000017 /* FoodItem.swift */ = {isa = PBXFileReference; lastKnownFileType = sourcecode.swift; path = FoodItem.swift; sourceTree = "<group>"; };
		A2000018 /* UserAddedFood.swift */ = {isa = PBXFileReference; lastKnownFileType = sourcecode.swift; path = UserAddedFood.swift; sourceTree = "<group>"; };
		A3000001 /* FLFApp.app */ = {isa = PBXFileReference; explicitFileType = wrapper.application; includeInIndex = 0; path = FLFApp.app; sourceTree = BUILT_PRODUCTS_DIR; };
/* End PBXFileReference section */

/* Begin PBXFrameworksBuildPhase section */
		A4000001 /* Frameworks */ = {
			isa = PBXFrameworksBuildPhase;
			buildActionMask = 2147483647;
			files = (
			);
			runOnlyForDeploymentPostprocessing = 0;
		};
/* End PBXFrameworksBuildPhase section */

/* Begin PBXGroup section */
		A5000001 = {
			isa = PBXGroup;
			children = (
				A5000002 /* FLFApp */,
				A5000003 /* Products */,
			);
			sourceTree = "<group>";
		};
		A5000002 /* FLFApp */ = {
			isa = PBXGroup;
			children = (
				A2000001 /* FLFAppApp.swift */,
				A5000007 /* Config */,
				A5000004 /* Views */,
				A5000005 /* Models */,
				A5000006 /* Services */,
				A200000E /* Assets.xcassets */,
			);
			path = FLFApp;
			sourceTree = "<group>";
		};
		A5000007 /* Config */ = {
			isa = PBXGroup;
			children = (
				A2000011 /* FLFAppConfig.swift */,
				A2000012 /* FLFAppConfig.Secrets.swift */,
			);
			path = Config;
			sourceTree = "<group>";
		};
		A5000003 /* Products */ = {
			isa = PBXGroup;
			children = (
				A3000001 /* FLFApp.app */,
			);
			name = Products;
			sourceTree = "<group>";
		};
		A5000004 /* Views */ = {
			isa = PBXGroup;
			children = (
				A2000002 /* MainTabView.swift */,
				A2000003 /* HomeView.swift */,
				A2000004 /* OverviewView.swift */,
				A2000005 /* LogEditorView.swift */,
				A2000006 /* WeighInView.swift */,
				A2000007 /* SupportChatView.swift */,
				A200000F /* EditGoalView.swift */,
				A2000015 /* FoodTrackerView.swift */,
				A2000016 /* AddFoodView.swift */,
			);
			path = Views;
			sourceTree = "<group>";
		};
		A5000005 /* Models */ = {
			isa = PBXGroup;
			children = (
				A2000008 /* UserGoals.swift */,
				A2000009 /* DailyLog.swift */,
				A200000A /* ChatMessage.swift */,
				A200000B /* AppState.swift */,
				A2000013 /* FoodEntry.swift */,
				A2000014 /* CommonFoods.swift */,
				A2000017 /* FoodItem.swift */,
				A2000018 /* UserAddedFood.swift */,
			);
			path = Models;
			sourceTree = "<group>";
		};
		A5000006 /* Services */ = {
			isa = PBXGroup;
			children = (
				A200000C /* DataStore.swift */,
				A200000D /* SupportChatService.swift */,
			);
			path = Services;
			sourceTree = "<group>";
		};
/* End PBXGroup section */

/* Begin PBXNativeTarget section */
		A6000001 /* FLFApp */ = {
			isa = PBXNativeTarget;
			buildConfigurationList = A7000003 /* Build configuration list for PBXNativeTarget "FLFApp" */;
			buildPhases = (
				A6000002 /* Sources */,
				A4000001 /* Frameworks */,
				A6000003 /* Resources */,
			);
			buildRules = (
			);
			dependencies = (
			);
			name = FLFApp;
			productName = FLFApp;
			productReference = A3000001 /* FLFApp.app */;
			productType = "com.apple.product-type.application";
		};
/* End PBXNativeTarget section */

/* Begin PBXProject section */
		A8000001 /* Project object */ = {
			isa = PBXProject;
			attributes = {
				BuildIndependentTargets = 1;
				BuildIndependentTargetsInParallel = YES;
				LastSwiftUpdateCheck = 1500;
				LastUpgradeCheck = 1620;
			};
			buildConfigurationList = A7000001 /* Build configuration list for PBXProject "FLFApp" */;
			compatibilityVersion = "Xcode 14.0";
			developmentRegion = en;
			hasScannedForEncodings = 0;
			knownRegions = (
				en,
				Base,
			);
			mainGroup = A5000001;
			productRefGroup = A5000003 /* Products */;
			projectDirPath = "";
			projectRoot = "";
			targets = (
				A6000001 /* FLFApp */,
			);
		};
/* End PBXProject section */

/* Begin PBXResourcesBuildPhase section */
		A6000003 /* Resources */ = {
			isa = PBXResourcesBuildPhase;
			buildActionMask = 2147483647;
			files = (
				A100000E /* Assets.xcassets in Resources */,
			);
			runOnlyForDeploymentPostprocessing = 0;
		};
/* End PBXResourcesBuildPhase section */

/* Begin PBXSourcesBuildPhase section */
		A6000002 /* Sources */ = {
			isa = PBXSourcesBuildPhase;
			buildActionMask = 2147483647;
			files = (
				A1000001 /* FLFAppApp.swift in Sources */,
				A1000002 /* MainTabView.swift in Sources */,
				A1000003 /* HomeView.swift in Sources */,
				A1000004 /* OverviewView.swift in Sources */,
				A1000005 /* LogEditorView.swift in Sources */,
				A1000006 /* WeighInView.swift in Sources */,
				A1000007 /* SupportChatView.swift in Sources */,
				A1000008 /* UserGoals.swift in Sources */,
				A1000009 /* DailyLog.swift in Sources */,
				A100000A /* ChatMessage.swift in Sources */,
				A100000B /* AppState.swift in Sources */,
				A100000C /* DataStore.swift in Sources */,
				A100000D /* SupportChatService.swift in Sources */,
				A100000F /* EditGoalView.swift in Sources */,
				A1000011 /* FLFAppConfig.swift in Sources */,
				A1000012 /* FLFAppConfig.Secrets.swift in Sources */,
				A1000013 /* FoodEntry.swift in Sources */,
				A1000014 /* CommonFoods.swift in Sources */,
				A1000015 /* FoodTrackerView.swift in Sources */,
				A1000016 /* AddFoodView.swift in Sources */,
				A1000017 /* FoodItem.swift in Sources */,
				A1000018 /* UserAddedFood.swift in Sources */,
			);
			runOnlyForDeploymentPostprocessing = 0;
		};
/* End PBXSourcesBuildPhase section */

/* Begin XCBuildConfiguration section */
		A9000001 /* Debug */ = {
			isa = XCBuildConfiguration;
			buildSettings = {
				ALWAYS_SEARCH_USER_PATHS = NO;
				ASSETCATALOG_COMPILER_GENERATE_SWIFT_ASSET_SYMBOL_EXTENSIONS = YES;
				CLANG_ANALYZER_NONNULL = YES;
				CLANG_ENABLE_MODULES = YES;
				CLANG_ENABLE_OBJC_ARC = YES;
				CLANG_WARN_BLOCK_CAPTURE_AUTORELEASING = YES;
				CLANG_WARN_BOOL_CONVERSION = YES;
				CLANG_WARN_COMMA = YES;
				CLANG_WARN_CONSTANT_CONVERSION = YES;
				CLANG_WARN_DEPRECATED_OBJC_IMPLEMENTATIONS = YES;
				CLANG_WARN_EMPTY_BODY = YES;
				CLANG_WARN_ENUM_CONVERSION = YES;
				CLANG_WARN_INFINITE_RECURSION = YES;
				CLANG_WARN_INT_CONVERSION = YES;
				CLANG_WARN_NON_LITERAL_NULL_CONVERSION = YES;
				CLANG_WARN_OBJC_IMPLICIT_RETAIN_SELF = YES;
				CLANG_WARN_OBJC_LITERAL_CONVERSION = YES;
				CLANG_WARN_QUOTED_INCLUDE_IN_FRAMEWORK_HEADER = YES;
				CLANG_WARN_RANGE_LOOP_ANALYSIS = YES;
				CLANG_WARN_STRICT_PROTOTYPES = YES;
				CLANG_WARN_SUSPICIOUS_MOVE = YES;
				CLANG_WARN_UNREACHABLE_CODE = YES;
				CLANG_WARN__DUPLICATE_METHOD_MATCH = YES;
				COPY_PHASE_STRIP = NO;
				DEBUG_INFORMATION_FORMAT = dwarf;
				ENABLE_STRICT_OBJC_MSGSEND = YES;
				ENABLE_TESTABILITY = YES;
				ENABLE_USER_SCRIPT_SANDBOXING = YES;
				GCC_DYNAMIC_NO_PIC = NO;
				GCC_NO_COMMON_BLOCKS = YES;
				GCC_OPTIMIZATION_LEVEL = 0;
				GCC_PREPROCESSOR_DEFINITIONS = (
					"DEBUG=1",
					"$(inherited)",
				);
				GCC_WARN_64_TO_32_BIT_CONVERSION = YES;
				GCC_WARN_ABOUT_RETURN_TYPE = YES;
				GCC_WARN_UNDECLARED_SELECTOR = YES;
				GCC_WARN_UNINITIALIZED_AUTOS = YES;
				GCC_WARN_UNUSED_FUNCTION = YES;
				GCC_WARN_UNUSED_VARIABLE = YES;
				IPHONEOS_DEPLOYMENT_TARGET = 16.0;
				MTL_ENABLE_DEBUG_INFO = INCLUDE_SOURCE;
				MTL_FAST_MATH = YES;
				ONLY_ACTIVE_ARCH = YES;
				SDKROOT = iphoneos;
				SWIFT_ACTIVE_COMPILATION_CONDITIONS = "DEBUG $(inherited)";
				SWIFT_OPTIMIZATION_LEVEL = "-Onone";
			};
			name = Debug;
		};
		A9000002 /* Release */ = {
			isa = XCBuildConfiguration;
			buildSettings = {
				ALWAYS_SEARCH_USER_PATHS = NO;
				ASSETCATALOG_COMPILER_GENERATE_SWIFT_ASSET_SYMBOL_EXTENSIONS = YES;
				CLANG_ANALYZER_NONNULL = YES;
				CLANG_ENABLE_MODULES = YES;
				CLANG_ENABLE_OBJC_ARC = YES;
				CLANG_WARN_BLOCK_CAPTURE_AUTORELEASING = YES;
				CLANG_WARN_BOOL_CONVERSION = YES;
				CLANG_WARN_COMMA = YES;
				CLANG_WARN_CONSTANT_CONVERSION = YES;
				CLANG_WARN_DEPRECATED_OBJC_IMPLEMENTATIONS = YES;
				CLANG_WARN_EMPTY_BODY = YES;
				CLANG_WARN_ENUM_CONVERSION = YES;
				CLANG_WARN_INFINITE_RECURSION = YES;
				CLANG_WARN_INT_CONVERSION = YES;
				CLANG_WARN_NON_LITERAL_NULL_CONVERSION = YES;
				CLANG_WARN_OBJC_IMPLICIT_RETAIN_SELF = YES;
				CLANG_WARN_OBJC_LITERAL_CONVERSION = YES;
				CLANG_WARN_QUOTED_INCLUDE_IN_FRAMEWORK_HEADER = YES;
				CLANG_WARN_RANGE_LOOP_ANALYSIS = YES;
				CLANG_WARN_STRICT_PROTOTYPES = YES;
				CLANG_WARN_SUSPICIOUS_MOVE = YES;
				CLANG_WARN_UNREACHABLE_CODE = YES;
				CLANG_WARN__DUPLICATE_METHOD_MATCH = YES;
				COPY_PHASE_STRIP = NO;
				DEBUG_INFORMATION_FORMAT = "dwarf-with-dsym";
				ENABLE_NS_ASSERTIONS = NO;
				ENABLE_STRICT_OBJC_MSGSEND = YES;
				ENABLE_USER_SCRIPT_SANDBOXING = YES;
				GCC_NO_COMMON_BLOCKS = YES;
				GCC_OPTIMIZATION_LEVEL = s;
				GCC_WARN_64_TO_32_BIT_CONVERSION = YES;
				GCC_WARN_ABOUT_RETURN_TYPE = YES;
				GCC_WARN_UNDECLARED_SELECTOR = YES;
				GCC_WARN_UNINITIALIZED_AUTOS = YES;
				GCC_WARN_UNUSED_FUNCTION = YES;
				GCC_WARN_UNUSED_VARIABLE = YES;
				IPHONEOS_DEPLOYMENT_TARGET = 16.0;
				MTL_ENABLE_DEBUG_INFO = NO;
				MTL_FAST_MATH = YES;
				SDKROOT = iphoneos;
				SWIFT_COMPILATION_MODE = wholemodule;
				VALIDATE_PRODUCT = YES;
			};
			name = Release;
		};
		A9000003 /* Debug */ = {
			isa = XCBuildConfiguration;
			buildSettings = {
				ASSETCATALOG_COMPILER_APPICON_NAME = AppIcon;
				ASSETCATALOG_COMPILER_GLOBAL_ACCENT_COLOR_NAME = AccentColor;
				CODE_SIGN_STYLE = Automatic;
				CURRENT_PROJECT_VERSION = 1;
				DEVELOPMENT_ASSET_PATHS = "";
				ENABLE_PREVIEWS = YES;
				GENERATE_INFOPLIST_FILE = YES;
				INFOPLIST_KEY_UIApplicationSceneManifest_Generation = YES;
				INFOPLIST_KEY_UIApplicationSupportsIndirectInputEvents = YES;
				INFOPLIST_KEY_UILaunchScreen_Generation = YES;
				INFOPLIST_KEY_NSCameraUsageDescription = "FLF uses the camera to photograph your plate for calorie estimates and feedback.";
				INFOPLIST_KEY_NSPhotoLibraryUsageDescription = "FLF uses your photo library to share a plate photo for calorie estimates and feedback.";
				INFOPLIST_KEY_UISupportedInterfaceOrientations_iPad = "UIInterfaceOrientationPortrait UIInterfaceOrientationPortraitUpsideDown UIInterfaceOrientationLandscapeLeft UIInterfaceOrientationLandscapeRight";
				INFOPLIST_KEY_UISupportedInterfaceOrientations_iPhone = "UIInterfaceOrientationPortrait UIInterfaceOrientationLandscapeLeft UIInterfaceOrientationLandscapeRight";
				LD_RUNPATH_SEARCH_PATHS = (
					"$(inherited)",
					"@executable_path/Frameworks",
				);
				MARKETING_VERSION = 1.0;
				PRODUCT_BUNDLE_IDENTIFIER = com.flfapp.FLFApp;
				PRODUCT_NAME = "$(TARGET_NAME)";
				SWIFT_EMIT_LOC_STRINGS = YES;
				SWIFT_VERSION = 5.0;
				TARGETED_DEVICE_FAMILY = "1,2";
			};
			name = Debug;
		};
		A9000004 /* Release */ = {
			isa = XCBuildConfiguration;
			buildSettings = {
				ASSETCATALOG_COMPILER_APPICON_NAME = AppIcon;
				ASSETCATALOG_COMPILER_GLOBAL_ACCENT_COLOR_NAME = AccentColor;
				CODE_SIGN_STYLE = Automatic;
				CURRENT_PROJECT_VERSION = 1;
				DEVELOPMENT_ASSET_PATHS = "";
				ENABLE_PREVIEWS = YES;
				GENERATE_INFOPLIST_FILE = YES;
				INFOPLIST_KEY_UIApplicationSceneManifest_Generation = YES;
				INFOPLIST_KEY_UIApplicationSupportsIndirectInputEvents = YES;
				INFOPLIST_KEY_UILaunchScreen_Generation = YES;
				INFOPLIST_KEY_NSCameraUsageDescription = "FLF uses the camera to photograph your plate for calorie estimates and feedback.";
				INFOPLIST_KEY_NSPhotoLibraryUsageDescription = "FLF uses your photo library to share a plate photo for calorie estimates and feedback.";
				INFOPLIST_KEY_UISupportedInterfaceOrientations_iPad = "UIInterfaceOrientationPortrait UIInterfaceOrientationPortraitUpsideDown UIInterfaceOrientationLandscapeLeft UIInterfaceOrientationLandscapeRight";
				INFOPLIST_KEY_UISupportedInterfaceOrientations_iPhone = "UIInterfaceOrientationPortrait UIInterfaceOrientationLandscapeLeft UIInterfaceOrientationLandscapeRight";
				LD_RUNPATH_SEARCH_PATHS = (
					"$(inherited)",
					"@executable_path/Frameworks",
				);
				MARKETING_VERSION = 1.0;
				PRODUCT_BUNDLE_IDENTIFIER = com.flfapp.FLFApp;
				PRODUCT_NAME = "$(TARGET_NAME)";
				SWIFT_EMIT_LOC_STRINGS = YES;
				SWIFT_VERSION = 5.0;
				TARGETED_DEVICE_FAMILY = "1,2";
			};
			name = Release;
		};
/* End XCBuildConfiguration section */

/* Begin XCConfigurationList section */
		A7000001 /* Build configuration list for PBXProject "FLFApp" */ = {
			isa = XCConfigurationList;
			buildConfigurations = (
				A9000001 /* Debug */,
				A9000002 /* Release */,
			);
			defaultConfigurationIsVisible = 0;
			defaultConfigurationName = Release;
		};
		A7000003 /* Build configuration list for PBXNativeTarget "FLFApp" */ = {
			isa = XCConfigurationList;
			buildConfigurations = (
				A9000003 /* Debug */,
				A9000004 /* Release */,
			);
			defaultConfigurationIsVisible = 0;
			defaultConfigurationName = Release;
		};
/* End XCConfigurationList section */
	};
	rootObject = A8000001 /* Project object */;
}
